
Microsoft Visual Studio Solution File, Format Version 12.00
# Visual Studio 15
VisualStudioVersion = 15.0.28307.1259
MinimumVisualStudioVersion = 10.0.40219.1
Project("{FAE04EC0-301F-11D3-BF4B-00C04F79EFBC}") = "RockLikeNet", "RockLikeNet\RockLikeNet.csproj", "{2F0A89E2-A01D-4A10-B8CC-1CDEB85338E4}"
EndProject
Global
	GlobalSection(SolutionConfigurationPlatforms) = preSolution
		Debug|Any CPU = Debug|Any CPU
		Release|Any CPU = Release|Any CPU
	EndGlobalSection
	GlobalSection(ProjectConfigurationPlatforms) = postSolution
		{2F0A89E2-A01D-4A10-B8CC-1CDEB85338E4}.Debug|Any CPU.ActiveCfg = Debug|Any CPU
		{2F0A89E2-A01D-4A10-B8CC-1CDEB85338E4}.Debug|Any CPU.Build.0 = Debug|Any CPU
		{2F0A89E2-A01D-4A10-B8CC-1CDEB85338E4}.Release|Any CPU.ActiveCfg = Release|Any CPU
		{2F0A89E2-A01D-4A10-B8CC-1CDEB85338E4}.Release|Any CPU.Build.0 = Release|Any CPU
	EndGlobalSection
	GlobalSection(SolutionProperties) = preSolution
		HideSolutionNode = FALSE
	EndGlobalSection
	GlobalSection(ExtensibilityGlobals) = postSolution
		SolutionGuid = {5E87C7A8-1293-40CD-89CE-F17A06DE45DE}
	EndGlobalSection
EndGlobal
